{
  "version": 1,
  "dependencies": {
    "net10.0": {
      "aistocks.core": {
        "type": "Project"
      },
      "aistocks.marketdata": {
        "type": "Project",
        "dependencies": {
          "AiStocks.Core": "[1.0.0, )"
        }
      },
      "aistocks.security": {
        "type": "Project"
      }
    }
  }
}