{
  "version": 1,
  "dependencies": {
    "net10.0": {
      "AngleSharp": {
        "type": "Transitive",
        "resolved": "1.7.1",
        "contentHash": "QBblGpRB3SYD66Mls7fHyl1mWkP93n7ErWDWHc1vd9sPHhdlTkmUoY3CjgfjcWNxGF9m7xjNyztRfErXqoBKOA=="
      },
      "AngleSharp.Css": {
        "type": "Transitive",
        "resolved": "1.0.1",
        "contentHash": "6S13xNHH+SUGPZd6EO1MhkuDbpEnFroUM6A8DZpLJHQnLRTvtBJb3Ydu65s618E4gWF9FSWmM5jhKk4RIfwT2A==",
        "dependencies": {
          "AngleSharp": "[1.5.0, 2.0.0)"
        }
      },
      "Npgsql": {
        "type": "Transitive",
        "resolved": "10.0.0",
        "contentHash": "xZAYhPOU2rUIFpV48xsqhCx9vXs6Y+0jX2LCoSEfDFYMw9jtAOUk3iQsCnDLrFIv9NT3JGMihn7nnuZsPKqJmA=="
      },
      "aistocks.core": {
        "type": "Project"
      },
      "aistocks.marketdata": {
        "type": "Project",
        "dependencies": {
          "AiStocks.Core": "[1.0.0, )"
        }
      },
      "aistocks.persistence": {
        "type": "Project",
        "dependencies": {
          "AiStocks.Core": "[1.0.0, )",
          "AiStocks.MarketData": "[1.0.0, )",
          "AiStocks.Research": "[1.0.0, )",
          "AiStocks.Trading": "[1.0.0, )",
          "Npgsql": "[10.0.0, )"
        }
      },
      "aistocks.research": {
        "type": "Project",
        "dependencies": {
          "AiStocks.Core": "[1.0.0, )",
          "AngleSharp": "[1.7.1, )",
          "AngleSharp.Css": "[1.0.1, )"
        }
      },
      "aistocks.trading": {
        "type": "Project",
        "dependencies": {
          "AiStocks.Core": "[1.0.0, )"
        }
      }
    }
  }
}