{
  "version": 1,
  "dependencies": {
    "net10.0": {
      "Npgsql": {
        "type": "Direct",
        "requested": "[10.0.0, )",
        "resolved": "10.0.0",
        "contentHash": "xZAYhPOU2rUIFpV48xsqhCx9vXs6Y+0jX2LCoSEfDFYMw9jtAOUk3iQsCnDLrFIv9NT3JGMihn7nnuZsPKqJmA=="
      },
      "aistocks.core": {
        "type": "Project"
      },
      "aistocks.marketdata": {
        "type": "Project",
        "dependencies": {
          "AiStocks.Core": "[1.0.0, )"
        }
      }
    }
  }
}